
Microsoft Visual Studio Solution File, Format Version 12.00
# Visual Studio Version 17
VisualStudioVersion = 17.0.31717.71
MinimumVisualStudioVersion = 10.0.40219.1
Project("{9A19103F-16F7-4668-BE54-9A1E7A4F7556}") = "MudBlazorTemplates2", "MudBlazorTemplates2.csproj", "{C2BFE76A-F7A3-40F8-A673-3B9E6FA5A49A}"
EndProject
Global
	GlobalSection(SolutionConfigurationPlatforms) = preSolution
		Debug|Any CPU = Debug|Any CPU
		Release|Any CPU = Release|Any CPU
	EndGlobalSection
	GlobalSection(ProjectConfigurationPlatforms) = postSolution
		{C2BFE76A-F7A3-40F8-A673-3B9E6FA5A49A}.Debug|Any CPU.ActiveCfg = Debug|Any CPU
		{C2BFE76A-F7A3-40F8-A673-3B9E6FA5A49A}.Debug|Any CPU.Build.0 = Debug|Any CPU
		{C2BFE76A-F7A3-40F8-A673-3B9E6FA5A49A}.Release|Any CPU.ActiveCfg = Release|Any CPU
		{C2BFE76A-F7A3-40F8-A673-3B9E6FA5A49A}.Release|Any CPU.Build.0 = Release|Any CPU
	EndGlobalSection
	GlobalSection(SolutionProperties) = preSolution
		HideSolutionNode = FALSE
	EndGlobalSection
	GlobalSection(ExtensibilityGlobals) = postSolution
		SolutionGuid = {43F3F0D5-4C7F-4551-8551-73C3C7F334D4}
	EndGlobalSection
EndGlobal